// !$*UTF8*$!
{
	archiveVersion = 1;
	classes = {
	};
	objectVersion = 77;
	objects = {

/* Begin PBXBuildFile section */
		1220E0FCECF0B2D4587791D1 /* Device.swift in Sources */ = {isa = PBXBuildFile; fileRef = EC1A485A4A1C9B118AAC69C6 /* Device.swift */; };
		E7B33A66B0F6302C5C59AED5 /* Device.swift in Sources */ = {isa = PBXBuildFile; fileRef = EC1A485A4A1C9B118AAC69C6 /* Device.swift */; };
		AFB0C1A204C43B9C4A19F3A3 /* RemoteCapabilities.swift in Sources */ = {isa = PBXBuildFile; fileRef = D85DFAA1622458104B154CBE /* RemoteCapabilities.swift */; };
		78B40C8E071F140581FF8DD9 /* RemoteCapabilities.swift in Sources */ = {isa = PBXBuildFile; fileRef = D85DFAA1622458104B154CBE /* RemoteCapabilities.swift */; };
		214051C4B02F244AF3D98990 /* DeviceIdentity.swift in Sources */ = {isa = PBXBuildFile; fileRef = 3C2ABA31B6AE8889AAE34BE1 /* DeviceIdentity.swift */; };
		12790C67FBED62F6D1330BFF /* DeviceIdentity.swift in Sources */ = {isa = PBXBuildFile; fileRef = 3C2ABA31B6AE8889AAE34BE1 /* DeviceIdentity.swift */; };
		41E39FD7A732BF39284FBCDE /* KeychainManager.swift in Sources */ = {isa = PBXBuildFile; fileRef = A4788B2B0F4424C12FFAFB72 /* KeychainManager.swift */; };
		904306C1512C4B663C5EA73E /* KeychainManager.swift in Sources */ = {isa = PBXBuildFile; fileRef = A4788B2B0F4424C12FFAFB72 /* KeychainManager.swift */; };
		42096E5DFB5A0E264F5382DD /* ProtocolEngine.swift in Sources */ = {isa = PBXBuildFile; fileRef = 64ED7F987D619E5F7F8EE17B /* ProtocolEngine.swift */; };
		71BA128DF00949D6C42F1B2E /* ProtocolEngine.swift in Sources */ = {isa = PBXBuildFile; fileRef = 64ED7F987D619E5F7F8EE17B /* ProtocolEngine.swift */; };
		BFAD0354BD3C02B7FCEDA150 /* BonjourDiscoveryManager.swift in Sources */ = {isa = PBXBuildFile; fileRef = FCC713A70954244274A20E74 /* BonjourDiscoveryManager.swift */; };
		8BDA7A91576D123DB950D44F /* BonjourDiscoveryManager.swift in Sources */ = {isa = PBXBuildFile; fileRef = FCC713A70954244274A20E74 /* BonjourDiscoveryManager.swift */; };
		BE79F4D9AEF6BB4B3A3A0053 /* PairingManager.swift in Sources */ = {isa = PBXBuildFile; fileRef = 5B59B145F03E3AD57D9B748C /* PairingManager.swift */; };
		3FAE8C94EB8D34BC6763A24A /* PairingManager.swift in Sources */ = {isa = PBXBuildFile; fileRef = 5B59B145F03E3AD57D9B748C /* PairingManager.swift */; };
		9037D359C03BE4592BBC0941 /* SignalingClient.swift in Sources */ = {isa = PBXBuildFile; fileRef = 2EB4C785DA7DD473287D8391 /* SignalingClient.swift */; };
		C660F332CDD289D183E78FFD /* SignalingClient.swift in Sources */ = {isa = PBXBuildFile; fileRef = 2EB4C785DA7DD473287D8391 /* SignalingClient.swift */; };
		074FE6E4B3B7DBAFB7AC2C68 /* NATTraversalEngine.swift in Sources */ = {isa = PBXBuildFile; fileRef = 65A7A9C1E91DB81623264126 /* NATTraversalEngine.swift */; };
		AA6B8451A2BD2A4E75FA51F7 /* NATTraversalEngine.swift in Sources */ = {isa = PBXBuildFile; fileRef = 65A7A9C1E91DB81623264126 /* NATTraversalEngine.swift */; };
		8E3B44C2525922CF30396B9D /* ConnectionTransport.swift in Sources */ = {isa = PBXBuildFile; fileRef = AC0B802C0CF97FAC31568E8C /* ConnectionTransport.swift */; };
		5F1642CDB314B6BA634063E0 /* ConnectionTransport.swift in Sources */ = {isa = PBXBuildFile; fileRef = AC0B802C0CF97FAC31568E8C /* ConnectionTransport.swift */; };
		D3B23670DBB7B42159748B63 /* LocalNetworkTransport.swift in Sources */ = {isa = PBXBuildFile; fileRef = 32478E6F6E7694540C3173FC /* LocalNetworkTransport.swift */; };
		7AF85B330FE1EB8E60C5F86F /* LocalNetworkTransport.swift in Sources */ = {isa = PBXBuildFile; fileRef = 32478E6F6E7694540C3173FC /* LocalNetworkTransport.swift */; };
		6FE88373432D29BEF3B22598 /* FileTransferManager.swift in Sources */ = {isa = PBXBuildFile; fileRef = 13EADCE05AEB8763C86FDF7B /* FileTransferManager.swift */; };
		8E3FBB041F28A40C9C8E7AB6 /* FileTransferManager.swift in Sources */ = {isa = PBXBuildFile; fileRef = 13EADCE05AEB8763C86FDF7B /* FileTransferManager.swift */; };
		9AE492BD36608923E065F47C /* ClipboardServiceProtocol.swift in Sources */ = {isa = PBXBuildFile; fileRef = 19ED16825B89551766ADBE5A /* ClipboardServiceProtocol.swift */; };
		7D1B1C56BA6B9A86248068F8 /* ClipboardServiceProtocol.swift in Sources */ = {isa = PBXBuildFile; fileRef = 19ED16825B89551766ADBE5A /* ClipboardServiceProtocol.swift */; };
		93C1F48576DE32CABA6D189C /* ClipboardSyncManager.swift in Sources */ = {isa = PBXBuildFile; fileRef = 6C71700E2E8201A843E83683 /* ClipboardSyncManager.swift */; };
		60240D58F205F6E049C7F452 /* ClipboardSyncManager.swift in Sources */ = {isa = PBXBuildFile; fileRef = 6C71700E2E8201A843E83683 /* ClipboardSyncManager.swift */; };
		CBDDB0D357835B6C918B5104 /* RemoteSessionManager.swift in Sources */ = {isa = PBXBuildFile; fileRef = B10B9A71E736DA9D19E80203 /* RemoteSessionManager.swift */; };
		4ACCC394A0B2A72C2F1A27A3 /* RemoteSessionManager.swift in Sources */ = {isa = PBXBuildFile; fileRef = B10B9A71E736DA9D19E80203 /* RemoteSessionManager.swift */; };
		D48F8BC6F9E2AF1048AB6D38 /* VideoEncoderDecoder.swift in Sources */ = {isa = PBXBuildFile; fileRef = CA79EB841D3BDD0B1A155AF2 /* VideoEncoderDecoder.swift */; };
		2267E819B0A883E1379012C8 /* VideoEncoderDecoder.swift in Sources */ = {isa = PBXBuildFile; fileRef = CA79EB841D3BDD0B1A155AF2 /* VideoEncoderDecoder.swift */; };
		6630874496543343A557B2F8 /* RemoteDesktopUnitTests.swift in Sources */ = {isa = PBXBuildFile; fileRef = D7FD2BB973A82071C88011F0 /* RemoteDesktopUnitTests.swift */; };
		56D66311F8B2467EE49AE5B8 /* RemoteDesktopUnitTests.swift in Sources */ = {isa = PBXBuildFile; fileRef = D7FD2BB973A82071C88011F0 /* RemoteDesktopUnitTests.swift */; };
		7AF8FDEE20471E6BE5B5596F /* RemoteDesktopMacApp.swift in Sources */ = {isa = PBXBuildFile; fileRef = 894AD00F9B43664234457A20 /* RemoteDesktopMacApp.swift */; };
		91275F75CA82A6D1205E7CAC /* MacContentView.swift in Sources */ = {isa = PBXBuildFile; fileRef = E1BDA927833CC28884A593FF /* MacContentView.swift */; };
		C1458466EDADBD6BB9A92F97 /* MacDeviceListView.swift in Sources */ = {isa = PBXBuildFile; fileRef = B317D670D1817089A283C22B /* MacDeviceListView.swift */; };
		3E06512E115619FB07EC0719 /* MacPairingModalView.swift in Sources */ = {isa = PBXBuildFile; fileRef = C91B6C7B359C05982F4CBAD9 /* MacPairingModalView.swift */; };
		C48F7E0FF6B7819DE522826D /* MacSessionViewerView.swift in Sources */ = {isa = PBXBuildFile; fileRef = D9768371A7CCB6DFED8CA56E /* MacSessionViewerView.swift */; };
		3433D220BD70885AC324526C /* MacSettingsView.swift in Sources */ = {isa = PBXBuildFile; fileRef = 753B66CD6132961B923C6102 /* MacSettingsView.swift */; };
		DA2F171EA7C257EA318FFF2C /* DisplayManager.swift in Sources */ = {isa = PBXBuildFile; fileRef = AF1026B67DCFAAE275DF584E /* DisplayManager.swift */; };
		35E4E8E3467A6B2C248D0FD7 /* HostModeManager.swift in Sources */ = {isa = PBXBuildFile; fileRef = 677A6537FF3698CB5412A96D /* HostModeManager.swift */; };
		F2FD12D97FE6EACEAB5F3F15 /* MacClipboardService.swift in Sources */ = {isa = PBXBuildFile; fileRef = 926B4BC25141B985B0127FF6 /* MacClipboardService.swift */; };
		EF4C01A976E8A3F34608B7D7 /* ScreenRecordingPermissionManager.swift in Sources */ = {isa = PBXBuildFile; fileRef = D0743DC98F6C9E8A1EA282B5 /* ScreenRecordingPermissionManager.swift */; };
		75671B11A59A7CB86E889E55 /* AccessibilityPermissionManager.swift in Sources */ = {isa = PBXBuildFile; fileRef = CDE9DB3343CA58D1CCAAA633 /* AccessibilityPermissionManager.swift */; };
		3F6DC9B4298AFA240C39B352 /* LocalNetworkPermissionManager.swift in Sources */ = {isa = PBXBuildFile; fileRef = E28283DDB061A35208C5C45C /* LocalNetworkPermissionManager.swift */; };
		AA8CD0703123E1BDA5203AED /* PermissionsManager.swift in Sources */ = {isa = PBXBuildFile; fileRef = 2EE81EA24A7D165FF8C0557D /* PermissionsManager.swift */; };
		764D9EBD4A03C0E647FD7550 /* ScreenCaptureEngine.swift in Sources */ = {isa = PBXBuildFile; fileRef = 052A5F7F540A14E39F849A9F /* ScreenCaptureEngine.swift */; };
		99B5071FDA205885264EA4BE /* RemoteInputEngine.swift in Sources */ = {isa = PBXBuildFile; fileRef = 12C7EEB9257C9466D1C26635 /* RemoteInputEngine.swift */; };
		FF27F9F0651DE1D43F7585CC /* RemoteDesktopiOSApp.swift in Sources */ = {isa = PBXBuildFile; fileRef = 4C8CBA5E805A43CD6AD10914 /* RemoteDesktopiOSApp.swift */; };
		238E0775D84A1E12B5B263D1 /* IOSContentView.swift in Sources */ = {isa = PBXBuildFile; fileRef = 283B5AC7FE58CE5CD097821F /* IOSContentView.swift */; };
		8DF8B3C056C00B6D2B6988C2 /* IOSDeviceListView.swift in Sources */ = {isa = PBXBuildFile; fileRef = 103E9C672C8AC0E486E4C126 /* IOSDeviceListView.swift */; };
		C02CF6E9FC6A65970C72AD21 /* IOSPairingModalView.swift in Sources */ = {isa = PBXBuildFile; fileRef = 5EED3B14BF7B6A51061D3442 /* IOSPairingModalView.swift */; };
		A1AB47DF7244BD9FFE33E134 /* IOSSessionViewerView.swift in Sources */ = {isa = PBXBuildFile; fileRef = 0E552E4FD03491F1980A5E75 /* IOSSessionViewerView.swift */; };
		F6A72AF1F630A18D2F333A19 /* IOSSettingsView.swift in Sources */ = {isa = PBXBuildFile; fileRef = 440B66C1331760874B73919B /* IOSSettingsView.swift */; };
		916534F95B77906866627DEA /* iOSBroadcastManager.swift in Sources */ = {isa = PBXBuildFile; fileRef = 9CC3C2374B3953FABA16C856 /* iOSBroadcastManager.swift */; };
		A06C3D985AF2676116434D9E /* IOSClipboardService.swift in Sources */ = {isa = PBXBuildFile; fileRef = FA88E1E2924E78D638011515 /* IOSClipboardService.swift */; };
		94BF4BEE6BCBECE0245DB511 /* IOSLocalNetworkPermissionManager.swift in Sources */ = {isa = PBXBuildFile; fileRef = EE423DA1CE4A42B2518CCDFE /* IOSLocalNetworkPermissionManager.swift */; };
		E49B62DF91AA0C47F0901743 /* IOSBroadcastPermissionManager.swift in Sources */ = {isa = PBXBuildFile; fileRef = C45526069FC5DA760AC284EC /* IOSBroadcastPermissionManager.swift */; };
		0A5882EBC742308D00D9A272 /* BroadcastLauncher.swift in Sources */ = {isa = PBXBuildFile; fileRef = 0B5BA6AA22CBE9A8776F8324 /* BroadcastLauncher.swift */; };
		EB3DBADE131BE78F5E998E92 /* SampleHandler.swift in Sources */ = {isa = PBXBuildFile; fileRef = 7FAF7B5F1932C230718CAFCB /* SampleHandler.swift */; };
		F00000010000000000000002 /* RemoteSessionPermissions.swift in Sources */ = {isa = PBXBuildFile; fileRef = F00000010000000000000001 /* RemoteSessionPermissions.swift */; };
		F00000010000000000000003 /* RemoteSessionPermissions.swift in Sources */ = {isa = PBXBuildFile; fileRef = F00000010000000000000001 /* RemoteSessionPermissions.swift */; };
		F00000020000000000000002 /* SessionState.swift in Sources */ = {isa = PBXBuildFile; fileRef = F00000020000000000000001 /* SessionState.swift */; };
		F00000020000000000000003 /* SessionState.swift in Sources */ = {isa = PBXBuildFile; fileRef = F00000020000000000000001 /* SessionState.swift */; };
		F00000030000000000000002 /* TrustedPeer.swift in Sources */ = {isa = PBXBuildFile; fileRef = F00000030000000000000001 /* TrustedPeer.swift */; };
		F00000030000000000000003 /* TrustedPeer.swift in Sources */ = {isa = PBXBuildFile; fileRef = F00000030000000000000001 /* TrustedPeer.swift */; };
		F00000040000000000000002 /* MediaDiagnostics.swift in Sources */ = {isa = PBXBuildFile; fileRef = F00000040000000000000001 /* MediaDiagnostics.swift */; };
		F00000040000000000000003 /* MediaDiagnostics.swift in Sources */ = {isa = PBXBuildFile; fileRef = F00000040000000000000001 /* MediaDiagnostics.swift */; };
		F00000050000000000000002 /* AnnotationModel.swift in Sources */ = {isa = PBXBuildFile; fileRef = F00000050000000000000001 /* AnnotationModel.swift */; };
		F00000050000000000000003 /* AnnotationModel.swift in Sources */ = {isa = PBXBuildFile; fileRef = F00000050000000000000001 /* AnnotationModel.swift */; };
		F00000060000000000000002 /* RemoteMediaSession.swift in Sources */ = {isa = PBXBuildFile; fileRef = F00000060000000000000001 /* RemoteMediaSession.swift */; };
		F00000060000000000000003 /* RemoteMediaSession.swift in Sources */ = {isa = PBXBuildFile; fileRef = F00000060000000000000001 /* RemoteMediaSession.swift */; };
		F00000070000000000000002 /* NotificationManager.swift in Sources */ = {isa = PBXBuildFile; fileRef = F00000070000000000000001 /* NotificationManager.swift */; };
		F00000080000000000000002 /* MacAnnotationOverlayView.swift in Sources */ = {isa = PBXBuildFile; fileRef = F00000080000000000000001 /* MacAnnotationOverlayView.swift */; };
		F00000090000000000000002 /* MacDiagnosticsView.swift in Sources */ = {isa = PBXBuildFile; fileRef = F00000090000000000000001 /* MacDiagnosticsView.swift */; };
		F000000A0000000000000002 /* MacIncomingRequestSheet.swift in Sources */ = {isa = PBXBuildFile; fileRef = F000000A0000000000000001 /* MacIncomingRequestSheet.swift */; };
		F000000B0000000000000002 /* MacHostSessionView.swift in Sources */ = {isa = PBXBuildFile; fileRef = F000000B0000000000000001 /* MacHostSessionView.swift */; };
		F000000C0000000000000003 /* NotificationManager.swift in Sources */ = {isa = PBXBuildFile; fileRef = F000000C0000000000000001 /* NotificationManager.swift */; };
		F000000D0000000000000003 /* IOSDiagnosticsView.swift in Sources */ = {isa = PBXBuildFile; fileRef = F000000D0000000000000001 /* IOSDiagnosticsView.swift */; };
		F000000E0000000000000003 /* IOSIncomingRequestSheet.swift in Sources */ = {isa = PBXBuildFile; fileRef = F000000E0000000000000001 /* IOSIncomingRequestSheet.swift */; };
		F000000F0000000000000003 /* IOSHostSessionView.swift in Sources */ = {isa = PBXBuildFile; fileRef = F000000F0000000000000001 /* IOSHostSessionView.swift */; };
/* End PBXBuildFile section */

/* Begin PBXFileReference section */
		EC1A485A4A1C9B118AAC69C6 /* Device.swift */ = {isa = PBXFileReference; lastKnownFileType = sourcecode.swift; path = "Models/Device.swift"; sourceTree = "<group>"; };
		D85DFAA1622458104B154CBE /* RemoteCapabilities.swift */ = {isa = PBXFileReference; lastKnownFileType = sourcecode.swift; path = "Models/RemoteCapabilities.swift"; sourceTree = "<group>"; };
		3C2ABA31B6AE8889AAE34BE1 /* DeviceIdentity.swift */ = {isa = PBXFileReference; lastKnownFileType = sourcecode.swift; path = "Security/DeviceIdentity.swift"; sourceTree = "<group>"; };
		A4788B2B0F4424C12FFAFB72 /* KeychainManager.swift */ = {isa = PBXFileReference; lastKnownFileType = sourcecode.swift; path = "Security/KeychainManager.swift"; sourceTree = "<group>"; };
		64ED7F987D619E5F7F8EE17B /* ProtocolEngine.swift */ = {isa = PBXFileReference; lastKnownFileType = sourcecode.swift; path = "Protocol/ProtocolEngine.swift"; sourceTree = "<group>"; };
		FCC713A70954244274A20E74 /* BonjourDiscoveryManager.swift */ = {isa = PBXFileReference; lastKnownFileType = sourcecode.swift; path = "Networking/BonjourDiscoveryManager.swift"; sourceTree = "<group>"; };
		5B59B145F03E3AD57D9B748C /* PairingManager.swift */ = {isa = PBXFileReference; lastKnownFileType = sourcecode.swift; path = "Networking/PairingManager.swift"; sourceTree = "<group>"; };
		2EB4C785DA7DD473287D8391 /* SignalingClient.swift */ = {isa = PBXFileReference; lastKnownFileType = sourcecode.swift; path = "Networking/SignalingClient.swift"; sourceTree = "<group>"; };
		65A7A9C1E91DB81623264126 /* NATTraversalEngine.swift */ = {isa = PBXFileReference; lastKnownFileType = sourcecode.swift; path = "Networking/NATTraversalEngine.swift"; sourceTree = "<group>"; };
		AC0B802C0CF97FAC31568E8C /* ConnectionTransport.swift */ = {isa = PBXFileReference; lastKnownFileType = sourcecode.swift; path = "Transport/ConnectionTransport.swift"; sourceTree = "<group>"; };
		32478E6F6E7694540C3173FC /* LocalNetworkTransport.swift */ = {isa = PBXFileReference; lastKnownFileType = sourcecode.swift; path = "Transport/LocalNetworkTransport.swift"; sourceTree = "<group>"; };
		13EADCE05AEB8763C86FDF7B /* FileTransferManager.swift */ = {isa = PBXFileReference; lastKnownFileType = sourcecode.swift; path = "Services/FileTransferManager.swift"; sourceTree = "<group>"; };
		19ED16825B89551766ADBE5A /* ClipboardServiceProtocol.swift */ = {isa = PBXFileReference; lastKnownFileType = sourcecode.swift; path = "Services/ClipboardServiceProtocol.swift"; sourceTree = "<group>"; };
		6C71700E2E8201A843E83683 /* ClipboardSyncManager.swift */ = {isa = PBXFileReference; lastKnownFileType = sourcecode.swift; path = "Services/ClipboardSyncManager.swift"; sourceTree = "<group>"; };
		B10B9A71E736DA9D19E80203 /* RemoteSessionManager.swift */ = {isa = PBXFileReference; lastKnownFileType = sourcecode.swift; path = "Services/RemoteSessionManager.swift"; sourceTree = "<group>"; };
		CA79EB841D3BDD0B1A155AF2 /* VideoEncoderDecoder.swift */ = {isa = PBXFileReference; lastKnownFileType = sourcecode.swift; path = "Utilities/VideoEncoderDecoder.swift"; sourceTree = "<group>"; };
		D7FD2BB973A82071C88011F0 /* RemoteDesktopUnitTests.swift */ = {isa = PBXFileReference; lastKnownFileType = sourcecode.swift; path = "Tests/RemoteDesktopUnitTests.swift"; sourceTree = "<group>"; };
		894AD00F9B43664234457A20 /* RemoteDesktopMacApp.swift */ = {isa = PBXFileReference; lastKnownFileType = sourcecode.swift; path = "App/RemoteDesktopMacApp.swift"; sourceTree = "<group>"; };
		E1BDA927833CC28884A593FF /* MacContentView.swift */ = {isa = PBXFileReference; lastKnownFileType = sourcecode.swift; path = "Views/MacContentView.swift"; sourceTree = "<group>"; };
		B317D670D1817089A283C22B /* MacDeviceListView.swift */ = {isa = PBXFileReference; lastKnownFileType = sourcecode.swift; path = "Views/MacDeviceListView.swift"; sourceTree = "<group>"; };
		C91B6C7B359C05982F4CBAD9 /* MacPairingModalView.swift */ = {isa = PBXFileReference; lastKnownFileType = sourcecode.swift; path = "Views/MacPairingModalView.swift"; sourceTree = "<group>"; };
		D9768371A7CCB6DFED8CA56E /* MacSessionViewerView.swift */ = {isa = PBXFileReference; lastKnownFileType = sourcecode.swift; path = "Views/MacSessionViewerView.swift"; sourceTree = "<group>"; };
		753B66CD6132961B923C6102 /* MacSettingsView.swift */ = {isa = PBXFileReference; lastKnownFileType = sourcecode.swift; path = "Views/MacSettingsView.swift"; sourceTree = "<group>"; };
		AF1026B67DCFAAE275DF584E /* DisplayManager.swift */ = {isa = PBXFileReference; lastKnownFileType = sourcecode.swift; path = "Managers/DisplayManager.swift"; sourceTree = "<group>"; };
		677A6537FF3698CB5412A96D /* HostModeManager.swift */ = {isa = PBXFileReference; lastKnownFileType = sourcecode.swift; path = "Managers/HostModeManager.swift"; sourceTree = "<group>"; };
		926B4BC25141B985B0127FF6 /* MacClipboardService.swift */ = {isa = PBXFileReference; lastKnownFileType = sourcecode.swift; path = "Services/MacClipboardService.swift"; sourceTree = "<group>"; };
		D0743DC98F6C9E8A1EA282B5 /* ScreenRecordingPermissionManager.swift */ = {isa = PBXFileReference; lastKnownFileType = sourcecode.swift; path = "Permissions/ScreenRecordingPermissionManager.swift"; sourceTree = "<group>"; };
		CDE9DB3343CA58D1CCAAA633 /* AccessibilityPermissionManager.swift */ = {isa = PBXFileReference; lastKnownFileType = sourcecode.swift; path = "Permissions/AccessibilityPermissionManager.swift"; sourceTree = "<group>"; };
		E28283DDB061A35208C5C45C /* LocalNetworkPermissionManager.swift */ = {isa = PBXFileReference; lastKnownFileType = sourcecode.swift; path = "Permissions/LocalNetworkPermissionManager.swift"; sourceTree = "<group>"; };
		2EE81EA24A7D165FF8C0557D /* PermissionsManager.swift */ = {isa = PBXFileReference; lastKnownFileType = sourcecode.swift; path = "Permissions/PermissionsManager.swift"; sourceTree = "<group>"; };
		052A5F7F540A14E39F849A9F /* ScreenCaptureEngine.swift */ = {isa = PBXFileReference; lastKnownFileType = sourcecode.swift; path = "Capture/ScreenCaptureEngine.swift"; sourceTree = "<group>"; };
		12C7EEB9257C9466D1C26635 /* RemoteInputEngine.swift */ = {isa = PBXFileReference; lastKnownFileType = sourcecode.swift; path = "Input/RemoteInputEngine.swift"; sourceTree = "<group>"; };
		4C8CBA5E805A43CD6AD10914 /* RemoteDesktopiOSApp.swift */ = {isa = PBXFileReference; lastKnownFileType = sourcecode.swift; path = "App/RemoteDesktopiOSApp.swift"; sourceTree = "<group>"; };
		283B5AC7FE58CE5CD097821F /* IOSContentView.swift */ = {isa = PBXFileReference; lastKnownFileType = sourcecode.swift; path = "Views/IOSContentView.swift"; sourceTree = "<group>"; };
		103E9C672C8AC0E486E4C126 /* IOSDeviceListView.swift */ = {isa = PBXFileReference; lastKnownFileType = sourcecode.swift; path = "Views/IOSDeviceListView.swift"; sourceTree = "<group>"; };
		5EED3B14BF7B6A51061D3442 /* IOSPairingModalView.swift */ = {isa = PBXFileReference; lastKnownFileType = sourcecode.swift; path = "Views/IOSPairingModalView.swift"; sourceTree = "<group>"; };
		0E552E4FD03491F1980A5E75 /* IOSSessionViewerView.swift */ = {isa = PBXFileReference; lastKnownFileType = sourcecode.swift; path = "Views/IOSSessionViewerView.swift"; sourceTree = "<group>"; };
		440B66C1331760874B73919B /* IOSSettingsView.swift */ = {isa = PBXFileReference; lastKnownFileType = sourcecode.swift; path = "Views/IOSSettingsView.swift"; sourceTree = "<group>"; };
		9CC3C2374B3953FABA16C856 /* iOSBroadcastManager.swift */ = {isa = PBXFileReference; lastKnownFileType = sourcecode.swift; path = "Managers/iOSBroadcastManager.swift"; sourceTree = "<group>"; };
		FA88E1E2924E78D638011515 /* IOSClipboardService.swift */ = {isa = PBXFileReference; lastKnownFileType = sourcecode.swift; path = "Services/IOSClipboardService.swift"; sourceTree = "<group>"; };
		EE423DA1CE4A42B2518CCDFE /* IOSLocalNetworkPermissionManager.swift */ = {isa = PBXFileReference; lastKnownFileType = sourcecode.swift; path = "Permissions/IOSLocalNetworkPermissionManager.swift"; sourceTree = "<group>"; };
		C45526069FC5DA760AC284EC /* IOSBroadcastPermissionManager.swift */ = {isa = PBXFileReference; lastKnownFileType = sourcecode.swift; path = "Permissions/IOSBroadcastPermissionManager.swift"; sourceTree = "<group>"; };
		0B5BA6AA22CBE9A8776F8324 /* BroadcastLauncher.swift */ = {isa = PBXFileReference; lastKnownFileType = sourcecode.swift; path = "Broadcast/BroadcastLauncher.swift"; sourceTree = "<group>"; };
		7FAF7B5F1932C230718CAFCB /* SampleHandler.swift */ = {isa = PBXFileReference; lastKnownFileType = sourcecode.swift; path = "SampleHandler.swift"; sourceTree = "<group>"; };
		DF1B204476E7C0EB8B10641D /* Remote Desktop-macOS.app */ = {isa = PBXFileReference; explicitFileType = wrapper.application; includeInIndex = 0; path = "Remote Desktop-macOS.app"; sourceTree = BUILT_PRODUCTS_DIR; };
		A8413DD3129620B5EF33FB36 /* Remote Desktop-iOS.app */ = {isa = PBXFileReference; includeInIndex = 0; lastKnownFileType = wrapper.application; path = "Remote Desktop-iOS.app"; sourceTree = BUILT_PRODUCTS_DIR; };
		B00000000000000000000002 /* Remote Desktop-iOS-Broadcast.appex */ = {isa = PBXFileReference; explicitFileType = "wrapper.app-extension"; includeInIndex = 0; path = "Remote Desktop-iOS-Broadcast.appex"; sourceTree = BUILT_PRODUCTS_DIR; };
		F00000010000000000000001 /* RemoteSessionPermissions.swift */ = {isa = PBXFileReference; lastKnownFileType = sourcecode.swift; path = "Models/RemoteSessionPermissions.swift"; sourceTree = "<group>"; };
		F00000020000000000000001 /* SessionState.swift */ = {isa = PBXFileReference; lastKnownFileType = sourcecode.swift; path = "Models/SessionState.swift"; sourceTree = "<group>"; };
		F00000030000000000000001 /* TrustedPeer.swift */ = {isa = PBXFileReference; lastKnownFileType = sourcecode.swift; path = "Models/TrustedPeer.swift"; sourceTree = "<group>"; };
		F00000040000000000000001 /* MediaDiagnostics.swift */ = {isa = PBXFileReference; lastKnownFileType = sourcecode.swift; path = "Models/MediaDiagnostics.swift"; sourceTree = "<group>"; };
		F00000050000000000000001 /* AnnotationModel.swift */ = {isa = PBXFileReference; lastKnownFileType = sourcecode.swift; path = "Models/AnnotationModel.swift"; sourceTree = "<group>"; };
		F00000060000000000000001 /* RemoteMediaSession.swift */ = {isa = PBXFileReference; lastKnownFileType = sourcecode.swift; path = "Services/RemoteMediaSession.swift"; sourceTree = "<group>"; };
		F00000070000000000000001 /* NotificationManager.swift */ = {isa = PBXFileReference; lastKnownFileType = sourcecode.swift; path = "Managers/NotificationManager.swift"; sourceTree = "<group>"; };
		F00000080000000000000001 /* MacAnnotationOverlayView.swift */ = {isa = PBXFileReference; lastKnownFileType = sourcecode.swift; path = "Views/MacAnnotationOverlayView.swift"; sourceTree = "<group>"; };
		F00000090000000000000001 /* MacDiagnosticsView.swift */ = {isa = PBXFileReference; lastKnownFileType = sourcecode.swift; path = "Views/MacDiagnosticsView.swift"; sourceTree = "<group>"; };
		F000000A0000000000000001 /* MacIncomingRequestSheet.swift */ = {isa = PBXFileReference; lastKnownFileType = sourcecode.swift; path = "Views/MacIncomingRequestSheet.swift"; sourceTree = "<group>"; };
		F000000B0000000000000001 /* MacHostSessionView.swift */ = {isa = PBXFileReference; lastKnownFileType = sourcecode.swift; path = "Views/MacHostSessionView.swift"; sourceTree = "<group>"; };
		F000000C0000000000000001 /* NotificationManager.swift */ = {isa = PBXFileReference; lastKnownFileType = sourcecode.swift; path = "Managers/NotificationManager.swift"; sourceTree = "<group>"; };
		F000000D0000000000000001 /* IOSDiagnosticsView.swift */ = {isa = PBXFileReference; lastKnownFileType = sourcecode.swift; path = "Views/IOSDiagnosticsView.swift"; sourceTree = "<group>"; };
		F000000E0000000000000001 /* IOSIncomingRequestSheet.swift */ = {isa = PBXFileReference; lastKnownFileType = sourcecode.swift; path = "Views/IOSIncomingRequestSheet.swift"; sourceTree = "<group>"; };
		F000000F0000000000000001 /* IOSHostSessionView.swift */ = {isa = PBXFileReference; lastKnownFileType = sourcecode.swift; path = "Views/IOSHostSessionView.swift"; sourceTree = "<group>"; };
/* End PBXFileReference section */

/* Begin PBXGroup section */
		GRP_SHARED /* Shared */ = {
			isa = PBXGroup;
			children = (
				EC1A485A4A1C9B118AAC69C6 /* Device.swift */,
				D85DFAA1622458104B154CBE /* RemoteCapabilities.swift */,
				3C2ABA31B6AE8889AAE34BE1 /* DeviceIdentity.swift */,
				A4788B2B0F4424C12FFAFB72 /* KeychainManager.swift */,
				64ED7F987D619E5F7F8EE17B /* ProtocolEngine.swift */,
				FCC713A70954244274A20E74 /* BonjourDiscoveryManager.swift */,
				5B59B145F03E3AD57D9B748C /* PairingManager.swift */,
				2EB4C785DA7DD473287D8391 /* SignalingClient.swift */,
				65A7A9C1E91DB81623264126 /* NATTraversalEngine.swift */,
				AC0B802C0CF97FAC31568E8C /* ConnectionTransport.swift */,
				32478E6F6E7694540C3173FC /* LocalNetworkTransport.swift */,
				13EADCE05AEB8763C86FDF7B /* FileTransferManager.swift */,
				19ED16825B89551766ADBE5A /* ClipboardServiceProtocol.swift */,
				6C71700E2E8201A843E83683 /* ClipboardSyncManager.swift */,
				B10B9A71E736DA9D19E80203 /* RemoteSessionManager.swift */,
				CA79EB841D3BDD0B1A155AF2 /* VideoEncoderDecoder.swift */,
				D7FD2BB973A82071C88011F0 /* RemoteDesktopUnitTests.swift */,
				F00000010000000000000001 /* RemoteSessionPermissions.swift */,
				F00000020000000000000001 /* SessionState.swift */,
				F00000030000000000000001 /* TrustedPeer.swift */,
				F00000040000000000000001 /* MediaDiagnostics.swift */,
				F00000050000000000000001 /* AnnotationModel.swift */,
				F00000060000000000000001 /* RemoteMediaSession.swift */,
			);
			path = Shared;
			sourceTree = "<group>";
		};
		GRP_MACOS /* macOS */ = {
			isa = PBXGroup;
			children = (
				894AD00F9B43664234457A20 /* RemoteDesktopMacApp.swift */,
				E1BDA927833CC28884A593FF /* MacContentView.swift */,
				B317D670D1817089A283C22B /* MacDeviceListView.swift */,
				C91B6C7B359C05982F4CBAD9 /* MacPairingModalView.swift */,
				D9768371A7CCB6DFED8CA56E /* MacSessionViewerView.swift */,
				753B66CD6132961B923C6102 /* MacSettingsView.swift */,
				AF1026B67DCFAAE275DF584E /* DisplayManager.swift */,
				677A6537FF3698CB5412A96D /* HostModeManager.swift */,
				926B4BC25141B985B0127FF6 /* MacClipboardService.swift */,
				D0743DC98F6C9E8A1EA282B5 /* ScreenRecordingPermissionManager.swift */,
				CDE9DB3343CA58D1CCAAA633 /* AccessibilityPermissionManager.swift */,
				E28283DDB061A35208C5C45C /* LocalNetworkPermissionManager.swift */,
				2EE81EA24A7D165FF8C0557D /* PermissionsManager.swift */,
				052A5F7F540A14E39F849A9F /* ScreenCaptureEngine.swift */,
				12C7EEB9257C9466D1C26635 /* RemoteInputEngine.swift */,
				F00000070000000000000001 /* NotificationManager.swift */,
				F00000080000000000000001 /* MacAnnotationOverlayView.swift */,
				F00000090000000000000001 /* MacDiagnosticsView.swift */,
				F000000A0000000000000001 /* MacIncomingRequestSheet.swift */,
				F000000B0000000000000001 /* MacHostSessionView.swift */,
			);
			path = macOS;
			sourceTree = "<group>";
		};
		GRP_IOS /* iOS */ = {
			isa = PBXGroup;
			children = (
				4C8CBA5E805A43CD6AD10914 /* RemoteDesktopiOSApp.swift */,
				283B5AC7FE58CE5CD097821F /* IOSContentView.swift */,
				103E9C672C8AC0E486E4C126 /* IOSDeviceListView.swift */,
				5EED3B14BF7B6A51061D3442 /* IOSPairingModalView.swift */,
				0E552E4FD03491F1980A5E75 /* IOSSessionViewerView.swift */,
				440B66C1331760874B73919B /* IOSSettingsView.swift */,
				9CC3C2374B3953FABA16C856 /* iOSBroadcastManager.swift */,
				FA88E1E2924E78D638011515 /* IOSClipboardService.swift */,
				EE423DA1CE4A42B2518CCDFE /* IOSLocalNetworkPermissionManager.swift */,
				C45526069FC5DA760AC284EC /* IOSBroadcastPermissionManager.swift */,
				0B5BA6AA22CBE9A8776F8324 /* BroadcastLauncher.swift */,
				F000000C0000000000000001 /* NotificationManager.swift */,
				F000000D0000000000000001 /* IOSDiagnosticsView.swift */,
				F000000E0000000000000001 /* IOSIncomingRequestSheet.swift */,
				F000000F0000000000000001 /* IOSHostSessionView.swift */,
			);
			path = iOS;
			sourceTree = "<group>";
		};
		GRP_BROADCAST /* BroadcastExtension */ = {
			isa = PBXGroup;
			children = (
				7FAF7B5F1932C230718CAFCB /* SampleHandler.swift */,
			);
			path = BroadcastExtension;
			sourceTree = "<group>";
		};
		7AE049A4FF0CD0F9B0F45E10 /* Sources */ = {
			isa = PBXGroup;
			children = (
				GRP_SHARED /* Shared */,
				GRP_MACOS /* macOS */,
				GRP_IOS /* iOS */,
				GRP_BROADCAST /* BroadcastExtension */,
			);
			path = Sources;
			sourceTree = "<group>";
		};
		F012AD7B16271F48B4B5A0F7 /* Products */ = {
			isa = PBXGroup;
			children = (
				DF1B204476E7C0EB8B10641D /* Remote Desktop-macOS.app */,
				A8413DD3129620B5EF33FB36 /* Remote Desktop-iOS.app */,
				B00000000000000000000002 /* Remote Desktop-iOS-Broadcast.appex */,
			);
			name = Products;
			sourceTree = "<group>";
		};
		844BAF322ECD8A3AC311E492 = {
			isa = PBXGroup;
			children = (
				7AE049A4FF0CD0F9B0F45E10 /* Sources */,
				F012AD7B16271F48B4B5A0F7 /* Products */,
			);
			sourceTree = "<group>";
		};
/* End PBXGroup section */

/* Begin PBXNativeTarget section */
		0AB211A9881B6DFBCD5CC947 /* Remote Desktop-macOS */ = {
			isa = PBXNativeTarget;
			buildConfigurationList = 390C5661EEAFCA661BEE4060 /* Build configuration list for PBXNativeTarget "Remote Desktop-macOS" */;
			buildPhases = (
				PHASE_MACOS_SOURCES /* Sources */,
			);
			buildRules = (
			);
			dependencies = (
			);
			name = "Remote Desktop-macOS";
			productName = "Remote Desktop-macOS";
			productReference = DF1B204476E7C0EB8B10641D /* Remote Desktop-macOS.app */;
			productType = "com.apple.product-type.application";
		};
		76E14B612CEB05ED91EAD341 /* Remote Desktop-iOS */ = {
			isa = PBXNativeTarget;
			buildConfigurationList = 3B6D3F4F031372218624A921 /* Build configuration list for PBXNativeTarget "Remote Desktop-iOS" */;
			buildPhases = (
				PHASE_IOS_SOURCES /* Sources */,
			);
			buildRules = (
			);
			dependencies = (
			);
			name = "Remote Desktop-iOS";
			productName = "Remote Desktop-iOS";
			productReference = A8413DD3129620B5EF33FB36 /* Remote Desktop-iOS.app */;
			productType = "com.apple.product-type.application";
		};
		B00000000000000000000001 /* Remote Desktop-iOS-Broadcast */ = {
			isa = PBXNativeTarget;
			buildConfigurationList = B00000000000000000000003 /* Build configuration list for PBXNativeTarget "Remote Desktop-iOS-Broadcast" */;
			buildPhases = (
				PHASE_BROADCAST_SOURCES /* Sources */,
			);
			buildRules = (
			);
			dependencies = (
			);
			name = "Remote Desktop-iOS-Broadcast";
			productName = "Remote Desktop-iOS-Broadcast";
			productReference = B00000000000000000000002 /* Remote Desktop-iOS-Broadcast.appex */;
			productType = "com.apple.product-type.app-extension";
		};
/* End PBXNativeTarget section */

/* Begin PBXProject section */
		CC0165849BF4E221E2AE7C83 /* Project object */ = {
			isa = PBXProject;
			attributes = {
				BuildIndependentTargetsInParallel = YES;
				LastUpgradeCheck = 1430;
			};
			buildConfigurationList = 61AFA8047F3AE688F8DAFE60 /* Build configuration list for PBXProject "Remote Desktop" */;
			developmentRegion = en;
			hasScannedForEncodings = 0;
			knownRegions = (
				Base,
				en,
			);
			mainGroup = 844BAF322ECD8A3AC311E492;
			minimizedProjectReferenceProxies = 1;
			preferredProjectObjectVersion = 77;
			productRefGroup = F012AD7B16271F48B4B5A0F7 /* Products */;
			projectDirPath = "";
			projectRoot = "";
			targets = (
				76E14B612CEB05ED91EAD341 /* Remote Desktop-iOS */,
				0AB211A9881B6DFBCD5CC947 /* Remote Desktop-macOS */,
				B00000000000000000000001 /* Remote Desktop-iOS-Broadcast */,
			);
		};
/* End PBXProject section */

/* Begin PBXSourcesBuildPhase section */
		PHASE_MACOS_SOURCES /* Sources */ = {
			isa = PBXSourcesBuildPhase;
			buildActionMask = 2147483647;
			files = (
				1220E0FCECF0B2D4587791D1 /* Device.swift in Sources */,
				AFB0C1A204C43B9C4A19F3A3 /* RemoteCapabilities.swift in Sources */,
				214051C4B02F244AF3D98990 /* DeviceIdentity.swift in Sources */,
				41E39FD7A732BF39284FBCDE /* KeychainManager.swift in Sources */,
				42096E5DFB5A0E264F5382DD /* ProtocolEngine.swift in Sources */,
				BFAD0354BD3C02B7FCEDA150 /* BonjourDiscoveryManager.swift in Sources */,
				BE79F4D9AEF6BB4B3A3A0053 /* PairingManager.swift in Sources */,
				9037D359C03BE4592BBC0941 /* SignalingClient.swift in Sources */,
				074FE6E4B3B7DBAFB7AC2C68 /* NATTraversalEngine.swift in Sources */,
				8E3B44C2525922CF30396B9D /* ConnectionTransport.swift in Sources */,
				D3B23670DBB7B42159748B63 /* LocalNetworkTransport.swift in Sources */,
				6FE88373432D29BEF3B22598 /* FileTransferManager.swift in Sources */,
				9AE492BD36608923E065F47C /* ClipboardServiceProtocol.swift in Sources */,
				93C1F48576DE32CABA6D189C /* ClipboardSyncManager.swift in Sources */,
				CBDDB0D357835B6C918B5104 /* RemoteSessionManager.swift in Sources */,
				D48F8BC6F9E2AF1048AB6D38 /* VideoEncoderDecoder.swift in Sources */,
				6630874496543343A557B2F8 /* RemoteDesktopUnitTests.swift in Sources */,
				7AF8FDEE20471E6BE5B5596F /* RemoteDesktopMacApp.swift in Sources */,
				91275F75CA82A6D1205E7CAC /* MacContentView.swift in Sources */,
				C1458466EDADBD6BB9A92F97 /* MacDeviceListView.swift in Sources */,
				3E06512E115619FB07EC0719 /* MacPairingModalView.swift in Sources */,
				C48F7E0FF6B7819DE522826D /* MacSessionViewerView.swift in Sources */,
				3433D220BD70885AC324526C /* MacSettingsView.swift in Sources */,
				DA2F171EA7C257EA318FFF2C /* DisplayManager.swift in Sources */,
				35E4E8E3467A6B2C248D0FD7 /* HostModeManager.swift in Sources */,
				F2FD12D97FE6EACEAB5F3F15 /* MacClipboardService.swift in Sources */,
				EF4C01A976E8A3F34608B7D7 /* ScreenRecordingPermissionManager.swift in Sources */,
				75671B11A59A7CB86E889E55 /* AccessibilityPermissionManager.swift in Sources */,
				3F6DC9B4298AFA240C39B352 /* LocalNetworkPermissionManager.swift in Sources */,
				AA8CD0703123E1BDA5203AED /* PermissionsManager.swift in Sources */,
				764D9EBD4A03C0E647FD7550 /* ScreenCaptureEngine.swift in Sources */,
				99B5071FDA205885264EA4BE /* RemoteInputEngine.swift in Sources */,
				F00000010000000000000002 /* RemoteSessionPermissions.swift in Sources */,
				F00000020000000000000002 /* SessionState.swift in Sources */,
				F00000030000000000000002 /* TrustedPeer.swift in Sources */,
				F00000040000000000000002 /* MediaDiagnostics.swift in Sources */,
				F00000050000000000000002 /* AnnotationModel.swift in Sources */,
				F00000060000000000000002 /* RemoteMediaSession.swift in Sources */,
				F00000070000000000000002 /* NotificationManager.swift in Sources */,
				F00000080000000000000002 /* MacAnnotationOverlayView.swift in Sources */,
				F00000090000000000000002 /* MacDiagnosticsView.swift in Sources */,
				F000000A0000000000000002 /* MacIncomingRequestSheet.swift in Sources */,
				F000000B0000000000000002 /* MacHostSessionView.swift in Sources */,
			);
			runOnlyForDeploymentPostprocessing = 0;
		};
		PHASE_IOS_SOURCES /* Sources */ = {
			isa = PBXSourcesBuildPhase;
			buildActionMask = 2147483647;
			files = (
				E7B33A66B0F6302C5C59AED5 /* Device.swift in Sources */,
				78B40C8E071F140581FF8DD9 /* RemoteCapabilities.swift in Sources */,
				12790C67FBED62F6D1330BFF /* DeviceIdentity.swift in Sources */,
				904306C1512C4B663C5EA73E /* KeychainManager.swift in Sources */,
				71BA128DF00949D6C42F1B2E /* ProtocolEngine.swift in Sources */,
				8BDA7A91576D123DB950D44F /* BonjourDiscoveryManager.swift in Sources */,
				3FAE8C94EB8D34BC6763A24A /* PairingManager.swift in Sources */,
				C660F332CDD289D183E78FFD /* SignalingClient.swift in Sources */,
				AA6B8451A2BD2A4E75FA51F7 /* NATTraversalEngine.swift in Sources */,
				5F1642CDB314B6BA634063E0 /* ConnectionTransport.swift in Sources */,
				7AF85B330FE1EB8E60C5F86F /* LocalNetworkTransport.swift in Sources */,
				8E3FBB041F28A40C9C8E7AB6 /* FileTransferManager.swift in Sources */,
				7D1B1C56BA6B9A86248068F8 /* ClipboardServiceProtocol.swift in Sources */,
				60240D58F205F6E049C7F452 /* ClipboardSyncManager.swift in Sources */,
				4ACCC394A0B2A72C2F1A27A3 /* RemoteSessionManager.swift in Sources */,
				2267E819B0A883E1379012C8 /* VideoEncoderDecoder.swift in Sources */,
				56D66311F8B2467EE49AE5B8 /* RemoteDesktopUnitTests.swift in Sources */,
				FF27F9F0651DE1D43F7585CC /* RemoteDesktopiOSApp.swift in Sources */,
				238E0775D84A1E12B5B263D1 /* IOSContentView.swift in Sources */,
				8DF8B3C056C00B6D2B6988C2 /* IOSDeviceListView.swift in Sources */,
				C02CF6E9FC6A65970C72AD21 /* IOSPairingModalView.swift in Sources */,
				A1AB47DF7244BD9FFE33E134 /* IOSSessionViewerView.swift in Sources */,
				F6A72AF1F630A18D2F333A19 /* IOSSettingsView.swift in Sources */,
				916534F95B77906866627DEA /* iOSBroadcastManager.swift in Sources */,
				A06C3D985AF2676116434D9E /* IOSClipboardService.swift in Sources */,
				94BF4BEE6BCBECE0245DB511 /* IOSLocalNetworkPermissionManager.swift in Sources */,
				E49B62DF91AA0C47F0901743 /* IOSBroadcastPermissionManager.swift in Sources */,
				0A5882EBC742308D00D9A272 /* BroadcastLauncher.swift in Sources */,
				F00000010000000000000003 /* RemoteSessionPermissions.swift in Sources */,
				F00000020000000000000003 /* SessionState.swift in Sources */,
				F00000030000000000000003 /* TrustedPeer.swift in Sources */,
				F00000040000000000000003 /* MediaDiagnostics.swift in Sources */,
				F00000050000000000000003 /* AnnotationModel.swift in Sources */,
				F00000060000000000000003 /* RemoteMediaSession.swift in Sources */,
				F000000C0000000000000003 /* NotificationManager.swift in Sources */,
				F000000D0000000000000003 /* IOSDiagnosticsView.swift in Sources */,
				F000000E0000000000000003 /* IOSIncomingRequestSheet.swift in Sources */,
				F000000F0000000000000003 /* IOSHostSessionView.swift in Sources */,
			);
			runOnlyForDeploymentPostprocessing = 0;
		};
		PHASE_BROADCAST_SOURCES /* Sources */ = {
			isa = PBXSourcesBuildPhase;
			buildActionMask = 2147483647;
			files = (
				EB3DBADE131BE78F5E998E92 /* SampleHandler.swift in Sources */,
			);
			runOnlyForDeploymentPostprocessing = 0;
		};
/* End PBXSourcesBuildPhase section */

/* Begin XCBuildConfiguration section */
		01E68CA521F0E44343247BB5 /* Debug */ = {
			isa = XCBuildConfiguration;
			buildSettings = {
				ALWAYS_SEARCH_USER_PATHS = NO;
				CLANG_ENABLE_MODULES = YES;
				COPY_PHASE_STRIP = NO;
				CURRENT_PROJECT_VERSION = 1;
				DEBUG_INFORMATION_FORMAT = dwarf;
				MARKETING_VERSION = 1.0;
				PRODUCT_NAME = "$(TARGET_NAME)";
				SWIFT_OPTIMIZATION_LEVEL = "-Onone";
				SWIFT_VERSION = 5.0;
			};
			name = Debug;
		};
		8506EC9030EFA602ED082809 /* Release */ = {
			isa = XCBuildConfiguration;
			buildSettings = {
				ALWAYS_SEARCH_USER_PATHS = NO;
				CLANG_ENABLE_MODULES = YES;
				COPY_PHASE_STRIP = NO;
				CURRENT_PROJECT_VERSION = 1;
				MARKETING_VERSION = 1.0;
				PRODUCT_NAME = "$(TARGET_NAME)";
				SWIFT_VERSION = 5.0;
			};
			name = Release;
		};
		058FE1139A0165D971F25E34 /* Debug */ = {
			isa = XCBuildConfiguration;
			buildSettings = {
				COMBINE_HIDPI_IMAGES = YES;
				CURRENT_PROJECT_VERSION = 1;
				INFOPLIST_FILE = "Sources/macOS/Resources/Info.plist";
				CODE_SIGN_ENTITLEMENTS = "Sources/macOS/Resources/RemoteDesktopMac.entitlements";
				MACOSX_DEPLOYMENT_TARGET = 14.0;
				MARKETING_VERSION = 1.0;
				PRODUCT_BUNDLE_IDENTIFIER = com.dylans2010.RemoteDesktop;
				PRODUCT_NAME = "Remote Desktop";
				SDKROOT = macosx;
				SWIFT_VERSION = 6.0;
			};
			name = Debug;
		};
		D291BB72F035AF696C96358F /* Release */ = {
			isa = XCBuildConfiguration;
			buildSettings = {
				COMBINE_HIDPI_IMAGES = YES;
				CURRENT_PROJECT_VERSION = 1;
				INFOPLIST_FILE = "Sources/macOS/Resources/Info.plist";
				CODE_SIGN_ENTITLEMENTS = "Sources/macOS/Resources/RemoteDesktopMac.entitlements";
				MACOSX_DEPLOYMENT_TARGET = 14.0;
				MARKETING_VERSION = 1.0;
				PRODUCT_BUNDLE_IDENTIFIER = com.dylans2010.RemoteDesktop;
				PRODUCT_NAME = "Remote Desktop";
				SDKROOT = macosx;
				SWIFT_VERSION = 6.0;
			};
			name = Release;
		};
		CD99D8B582B3C5F084818196 /* Debug */ = {
			isa = XCBuildConfiguration;
			buildSettings = {
				CURRENT_PROJECT_VERSION = 1;
				INFOPLIST_FILE = "Sources/iOS/Resources/Info.plist";
				CODE_SIGN_ENTITLEMENTS = "Sources/iOS/Resources/RemoteDesktopiOS.entitlements";
				IPHONEOS_DEPLOYMENT_TARGET = 17.0;
				MARKETING_VERSION = 1.0;
				PRODUCT_BUNDLE_IDENTIFIER = com.dylans2010.RemoteDesktop;
				PRODUCT_NAME = "Remote Desktop";
				SDKROOT = iphoneos;
				SWIFT_VERSION = 6.0;
				TARGETED_DEVICE_FAMILY = "1,2";
			};
			name = Debug;
		};
		3A2AD2EEC8F2D00A882E83CC /* Release */ = {
			isa = XCBuildConfiguration;
			buildSettings = {
				CURRENT_PROJECT_VERSION = 1;
				INFOPLIST_FILE = "Sources/iOS/Resources/Info.plist";
				CODE_SIGN_ENTITLEMENTS = "Sources/iOS/Resources/RemoteDesktopiOS.entitlements";
				IPHONEOS_DEPLOYMENT_TARGET = 17.0;
				MARKETING_VERSION = 1.0;
				PRODUCT_BUNDLE_IDENTIFIER = com.dylans2010.RemoteDesktop;
				PRODUCT_NAME = "Remote Desktop";
				SDKROOT = iphoneos;
				SWIFT_VERSION = 6.0;
				TARGETED_DEVICE_FAMILY = "1,2";
			};
			name = Release;
		};
		B00000000000000000000004 /* Debug */ = {
			isa = XCBuildConfiguration;
			buildSettings = {
				CURRENT_PROJECT_VERSION = 1;
				INFOPLIST_FILE = "Sources/BroadcastExtension/Resources/Info.plist";
				CODE_SIGN_ENTITLEMENTS = "Sources/BroadcastExtension/Resources/RemoteDesktopBroadcastExtension.entitlements";
				IPHONEOS_DEPLOYMENT_TARGET = 17.0;
				MARKETING_VERSION = 1.0;
				PRODUCT_BUNDLE_IDENTIFIER = com.dylans2010.RemoteDesktop.BroadcastExtension;
				PRODUCT_NAME = "Remote Desktop Broadcast Extension";
				SDKROOT = iphoneos;
				SWIFT_VERSION = 6.0;
				TARGETED_DEVICE_FAMILY = "1,2";
			};
			name = Debug;
		};
		B00000000000000000000005 /* Release */ = {
			isa = XCBuildConfiguration;
			buildSettings = {
				CURRENT_PROJECT_VERSION = 1;
				INFOPLIST_FILE = "Sources/BroadcastExtension/Resources/Info.plist";
				CODE_SIGN_ENTITLEMENTS = "Sources/BroadcastExtension/Resources/RemoteDesktopBroadcastExtension.entitlements";
				IPHONEOS_DEPLOYMENT_TARGET = 17.0;
				MARKETING_VERSION = 1.0;
				PRODUCT_BUNDLE_IDENTIFIER = com.dylans2010.RemoteDesktop.BroadcastExtension;
				PRODUCT_NAME = "Remote Desktop Broadcast Extension";
				SDKROOT = iphoneos;
				SWIFT_VERSION = 6.0;
				TARGETED_DEVICE_FAMILY = "1,2";
			};
			name = Release;
		};
/* End XCBuildConfiguration section */

/* Begin XCConfigurationList section */
		390C5661EEAFCA661BEE4060 /* Build configuration list for PBXNativeTarget "Remote Desktop-macOS" */ = {
			isa = XCConfigurationList;
			buildConfigurations = (
				058FE1139A0165D971F25E34 /* Debug */,
				D291BB72F035AF696C96358F /* Release */,
			);
			defaultConfigurationIsVisible = 0;
			defaultConfigurationName = Debug;
		};
		3B6D3F4F031372218624A921 /* Build configuration list for PBXNativeTarget "Remote Desktop-iOS" */ = {
			isa = XCConfigurationList;
			buildConfigurations = (
				CD99D8B582B3C5F084818196 /* Debug */,
				3A2AD2EEC8F2D00A882E83CC /* Release */,
			);
			defaultConfigurationIsVisible = 0;
			defaultConfigurationName = Debug;
		};
		B00000000000000000000003 /* Build configuration list for PBXNativeTarget "Remote Desktop-iOS-Broadcast" */ = {
			isa = XCConfigurationList;
			buildConfigurations = (
				B00000000000000000000004 /* Debug */,
				B00000000000000000000005 /* Release */,
			);
			defaultConfigurationIsVisible = 0;
			defaultConfigurationName = Debug;
		};
		61AFA8047F3AE688F8DAFE60 /* Build configuration list for PBXProject "Remote Desktop" */ = {
			isa = XCConfigurationList;
			buildConfigurations = (
				01E68CA521F0E44343247BB5 /* Debug */,
				8506EC9030EFA602ED082809 /* Release */,
			);
			defaultConfigurationIsVisible = 0;
			defaultConfigurationName = Debug;
		};
/* End XCConfigurationList section */
	};
	rootObject = CC0165849BF4E221E2AE7C83 /* Project object */;
}
